
Microsoft Visual Studio Solution File, Format Version 12.00
# Visual Studio Version 16
VisualStudioVersion = 16.0.30225.117
MinimumVisualStudioVersion = 10.0.40219.1
Project("{FAE04EC0-301F-11D3-BF4B-00C04F79EFBC}") = "IDS4LoginEndpoint", "IDS4LoginEndpoint\IDS4LoginEndpoint.csproj", "{4424ED31-4A6A-4A46-80BA-1D897FAA5443}"
EndProject
Global
	GlobalSection(SolutionConfigurationPlatforms) = preSolution
		Debug|Any CPU = Debug|Any CPU
		Release|Any CPU = Release|Any CPU
	EndGlobalSection
	GlobalSection(ProjectConfigurationPlatforms) = postSolution
		{4424ED31-4A6A-4A46-80BA-1D897FAA5443}.Debug|Any CPU.ActiveCfg = Debug|Any CPU
		{4424ED31-4A6A-4A46-80BA-1D897FAA5443}.Debug|Any CPU.Build.0 = Debug|Any CPU
		{4424ED31-4A6A-4A46-80BA-1D897FAA5443}.Release|Any CPU.ActiveCfg = Release|Any CPU
		{4424ED31-4A6A-4A46-80BA-1D897FAA5443}.Release|Any CPU.Build.0 = Release|Any CPU
	EndGlobalSection
	GlobalSection(SolutionProperties) = preSolution
		HideSolutionNode = FALSE
	EndGlobalSection
	GlobalSection(ExtensibilityGlobals) = postSolution
		SolutionGuid = {DD6E3538-2543-44B4-941A-7A3103A9F186}
	EndGlobalSection
EndGlobal
